
Microsoft Visual Studio Solution File, Format Version 12.00
# Visual Studio Version 17
VisualStudioVersion = 17.10.35201.131
MinimumVisualStudioVersion = 10.0.40219.1
Project("{FAE04EC0-301F-11D3-BF4B-00C04F79EFBC}") = "Project Dahl Programmering 2", "Project Dahl Programmering 2\Project Dahl Programmering 2.csproj", "{C8A37B8F-0E22-4A11-8B7A-1814FD3F2B61}"
EndProject
Global
	GlobalSection(SolutionConfigurationPlatforms) = preSolution
		Debug|Any CPU = Debug|Any CPU
		Release|Any CPU = Release|Any CPU
	EndGlobalSection
	GlobalSection(ProjectConfigurationPlatforms) = postSolution
		{C8A37B8F-0E22-4A11-8B7A-1814FD3F2B61}.Debug|Any CPU.ActiveCfg = Debug|Any CPU
		{C8A37B8F-0E22-4A11-8B7A-1814FD3F2B61}.Debug|Any CPU.Build.0 = Debug|Any CPU
		{C8A37B8F-0E22-4A11-8B7A-1814FD3F2B61}.Release|Any CPU.ActiveCfg = Release|Any CPU
		{C8A37B8F-0E22-4A11-8B7A-1814FD3F2B61}.Release|Any CPU.Build.0 = Release|Any CPU
	EndGlobalSection
	GlobalSection(SolutionProperties) = preSolution
		HideSolutionNode = FALSE
	EndGlobalSection
	GlobalSection(ExtensibilityGlobals) = postSolution
		SolutionGuid = {6266D102-D895-45E4-9635-2988B875B0D3}
	EndGlobalSection
EndGlobal
